Microsoft Visual Studio Solution File, Format Version 12.00
# Visual Studio Version 17
VisualStudioVersion = 17.5.2.0
MinimumVisualStudioVersion = 10.0.40219.1
Project("{2150E333-8FDC-42A3-9474-1A3956D46DE8}") = "tests", "tests", "{0AB3BF05-4346-4AA6-1389-037BE0695223}"
EndProject
Project("{2150E333-8FDC-42A3-9474-1A3956D46DE8}") = "aws", "aws", "{863EB194-BE84-17E0-711F-A1851CB68FB4}"
EndProject
Project("{2150E333-8FDC-42A3-9474-1A3956D46DE8}") = "services", "services", "{32F5A1BC-B79F-56E5-92FE-223EA227C8B2}"
EndProject
Project("{2150E333-8FDC-42A3-9474-1A3956D46DE8}") = "lambda_", "lambda_", "{D93A18C6-4006-E8FD-AD80-218D5ECE848F}"
EndProject
Project("{2150E333-8FDC-42A3-9474-1A3956D46DE8}") = "functions", "functions", "{BFBE0ABD-A108-3BE3-C63D-953257C0FD27}"
EndProject
Project("{2150E333-8FDC-42A3-9474-1A3956D46DE8}") = "common", "common", "{B361AC37-004E-A960-625B-1E018C126F74}"
EndProject
Project("{2150E333-8FDC-42A3-9474-1A3956D46DE8}") = "uncaughtexception", "uncaughtexception", "{10B29A32-287B-E2B5-746C-A4C26C4B5D96}"
EndProject
Project("{2150E333-8FDC-42A3-9474-1A3956D46DE8}") = "dotnet", "dotnet", "{82655B8B-DFB4-D4BB-9541-38C5E38A0CCE}"
EndProject
Project("{FAE04EC0-301F-11D3-BF4B-00C04F79EFBC}") = "dotnet", "tests\aws\services\lambda_\functions\common\uncaughtexception\dotnet\src\dotnet.csproj", "{4F3D4185-187D-7CDE-7BAF-64A5A9B81ECB}"
EndProject
Project("{2150E333-8FDC-42A3-9474-1A3956D46DE8}") = "endpointinjection", "endpointinjection", "{47A0A608-4160-4ECD-DEAC-9296F5615551}"
EndProject
Project("{2150E333-8FDC-42A3-9474-1A3956D46DE8}") = "dotnet", "dotnet", "{F3CD8B44-7D5B-4508-43C6-90D26FD977B1}"
EndProject
Project("{FAE04EC0-301F-11D3-BF4B-00C04F79EFBC}") = "dotnet", "tests\aws\services\lambda_\functions\common\endpointinjection\dotnet\src\dotnet.csproj", "{C5B29C67-4181-7C59-40C5-7A1880ACE882}"
EndProject
Project("{2150E333-8FDC-42A3-9474-1A3956D46DE8}") = "introspection", "introspection", "{CD3F040E-9255-81C0-A41E-2866EC67645C}"
EndProject
Project("{2150E333-8FDC-42A3-9474-1A3956D46DE8}") = "dotnet", "dotnet", "{DA421466-2C50-51B3-611A-3AF4AB168E70}"
EndProject
Project("{FAE04EC0-301F-11D3-BF4B-00C04F79EFBC}") = "dotnet", "tests\aws\services\lambda_\functions\common\introspection\dotnet\src\dotnet.csproj", "{8B4EAB1E-A257-214F-E4E9-676CE9AE6841}"
EndProject
Project("{2150E333-8FDC-42A3-9474-1A3956D46DE8}") = "echo", "echo", "{34A0D76D-07BE-983C-111E-4C4875056134}"
EndProject
Project("{2150E333-8FDC-42A3-9474-1A3956D46DE8}") = "dotnet", "dotnet", "{99A008B7-15D9-68F9-9250-03DA744ED0CB}"
EndProject
Project("{FAE04EC0-301F-11D3-BF4B-00C04F79EFBC}") = "dotnet", "tests\aws\services\lambda_\functions\common\echo\dotnet\src\dotnet.csproj", "{04674BE7-2910-D1D6-0A5A-A110DE1292D5}"
EndProject
Global
	GlobalSection(SolutionConfigurationPlatforms) = preSolution
		Debug|Any CPU = Debug|Any CPU
		Release|Any CPU = Release|Any CPU
	EndGlobalSection
	GlobalSection(ProjectConfigurationPlatforms) = postSolution
		{4F3D4185-187D-7CDE-7BAF-64A5A9B81ECB}.Debug|Any CPU.ActiveCfg = Debug|Any CPU
		{4F3D4185-187D-7CDE-7BAF-64A5A9B81ECB}.Debug|Any CPU.Build.0 = Debug|Any CPU
		{4F3D4185-187D-7CDE-7BAF-64A5A9B81ECB}.Release|Any CPU.ActiveCfg = Release|Any CPU
		{4F3D4185-187D-7CDE-7BAF-64A5A9B81ECB}.Release|Any CPU.Build.0 = Release|Any CPU
		{C5B29C67-4181-7C59-40C5-7A1880ACE882}.Debug|Any CPU.ActiveCfg = Debug|Any CPU
		{C5B29C67-4181-7C59-40C5-7A1880ACE882}.Debug|Any CPU.Build.0 = Debug|Any CPU
		{C5B29C67-4181-7C59-40C5-7A1880ACE882}.Release|Any CPU.ActiveCfg = Release|Any CPU
		{C5B29C67-4181-7C59-40C5-7A1880ACE882}.Release|Any CPU.Build.0 = Release|Any CPU
		{8B4EAB1E-A257-214F-E4E9-676CE9AE6841}.Debug|Any CPU.ActiveCfg = Debug|Any CPU
		{8B4EAB1E-A257-214F-E4E9-676CE9AE6841}.Debug|Any CPU.Build.0 = Debug|Any CPU
		{8B4EAB1E-A257-214F-E4E9-676CE9AE6841}.Release|Any CPU.ActiveCfg = Release|Any CPU
		{8B4EAB1E-A257-214F-E4E9-676CE9AE6841}.Release|Any CPU.Build.0 = Release|Any CPU
		{04674BE7-2910-D1D6-0A5A-A110DE1292D5}.Debug|Any CPU.ActiveCfg = Debug|Any CPU
		{04674BE7-2910-D1D6-0A5A-A110DE1292D5}.Debug|Any CPU.Build.0 = Debug|Any CPU
		{04674BE7-2910-D1D6-0A5A-A110DE1292D5}.Release|Any CPU.ActiveCfg = Release|Any CPU
		{04674BE7-2910-D1D6-0A5A-A110DE1292D5}.Release|Any CPU.Build.0 = Release|Any CPU
	EndGlobalSection
	GlobalSection(SolutionProperties) = preSolution
		HideSolutionNode = FALSE
	EndGlobalSection
	GlobalSection(NestedProjects) = preSolution
		{863EB194-BE84-17E0-711F-A1851CB68FB4} = {0AB3BF05-4346-4AA6-1389-037BE0695223}
		{32F5A1BC-B79F-56E5-92FE-223EA227C8B2} = {863EB194-BE84-17E0-711F-A1851CB68FB4}
		{D93A18C6-4006-E8FD-AD80-218D5ECE848F} = {32F5A1BC-B79F-56E5-92FE-223EA227C8B2}
		{BFBE0ABD-A108-3BE3-C63D-953257C0FD27} = {D93A18C6-4006-E8FD-AD80-218D5ECE848F}
		{B361AC37-004E-A960-625B-1E018C126F74} = {BFBE0ABD-A108-3BE3-C63D-953257C0FD27}
		{10B29A32-287B-E2B5-746C-A4C26C4B5D96} = {B361AC37-004E-A960-625B-1E018C126F74}
		{82655B8B-DFB4-D4BB-9541-38C5E38A0CCE} = {10B29A32-287B-E2B5-746C-A4C26C4B5D96}
		{4F3D4185-187D-7CDE-7BAF-64A5A9B81ECB} = {82655B8B-DFB4-D4BB-9541-38C5E38A0CCE}
		{47A0A608-4160-4ECD-DEAC-9296F5615551} = {B361AC37-004E-A960-625B-1E018C126F74}
		{F3CD8B44-7D5B-4508-43C6-90D26FD977B1} = {47A0A608-4160-4ECD-DEAC-9296F5615551}
		{C5B29C67-4181-7C59-40C5-7A1880ACE882} = {F3CD8B44-7D5B-4508-43C6-90D26FD977B1}
		{CD3F040E-9255-81C0-A41E-2866EC67645C} = {B361AC37-004E-A960-625B-1E018C126F74}
		{DA421466-2C50-51B3-611A-3AF4AB168E70} = {CD3F040E-9255-81C0-A41E-2866EC67645C}
		{8B4EAB1E-A257-214F-E4E9-676CE9AE6841} = {DA421466-2C50-51B3-611A-3AF4AB168E70}
		{34A0D76D-07BE-983C-111E-4C4875056134} = {B361AC37-004E-A960-625B-1E018C126F74}
		{99A008B7-15D9-68F9-9250-03DA744ED0CB} = {34A0D76D-07BE-983C-111E-4C4875056134}
		{04674BE7-2910-D1D6-0A5A-A110DE1292D5} = {99A008B7-15D9-68F9-9250-03DA744ED0CB}
	EndGlobalSection
	GlobalSection(ExtensibilityGlobals) = postSolution
		SolutionGuid = {F180D9AC-723F-488C-B39A-CF0036DD27ED}
	EndGlobalSection
EndGlobal
