
Microsoft Visual Studio Solution File, Format Version 12.00
# Visual Studio Version 17
VisualStudioVersion = 17.8.34601.278
MinimumVisualStudioVersion = 10.0.40219.1
Project("{FAE04EC0-301F-11D3-BF4B-00C04F79EFBC}") = "dotnet8", "src\dotnet8\dotnet8.csproj", "{A69D5F1A-8A02-43A6-979B-0F3B7125CAC3}"
EndProject
Global
	GlobalSection(SolutionConfigurationPlatforms) = preSolution
		Debug|Any CPU = Debug|Any CPU
		Release|Any CPU = Release|Any CPU
	EndGlobalSection
	GlobalSection(ProjectConfigurationPlatforms) = postSolution
		{A69D5F1A-8A02-43A6-979B-0F3B7125CAC3}.Debug|Any CPU.ActiveCfg = Debug|Any CPU
		{A69D5F1A-8A02-43A6-979B-0F3B7125CAC3}.Debug|Any CPU.Build.0 = Debug|Any CPU
		{A69D5F1A-8A02-43A6-979B-0F3B7125CAC3}.Release|Any CPU.ActiveCfg = Release|Any CPU
		{A69D5F1A-8A02-43A6-979B-0F3B7125CAC3}.Release|Any CPU.Build.0 = Release|Any CPU
	EndGlobalSection
	GlobalSection(SolutionProperties) = preSolution
		HideSolutionNode = FALSE
	EndGlobalSection
	GlobalSection(ExtensibilityGlobals) = postSolution
		SolutionGuid = {88135CF5-F8B9-4F3E-851A-E65B4FC8594D}
	EndGlobalSection
EndGlobal
