
Microsoft Visual Studio Solution File, Format Version 12.00
# Visual Studio 15
VisualStudioVersion = 15.0.26124.0
MinimumVisualStudioVersion = 15.0.26124.0
Project("{2150E333-8FDC-42A3-9474-1A3956D46DE8}") = "src", "src", "{B6B8CC1A-38EA-4EAA-A02D-0CD659A2AB61}"
EndProject
Project("{FAE04EC0-301F-11D3-BF4B-00C04F79EFBC}") = "dotnetcore31", "src\dotnetcore31\dotnetcore31.csproj", "{A534550B-0D94-4F8A-87E1-0C6F3FD3BC27}"
EndProject
Global
	GlobalSection(SolutionConfigurationPlatforms) = preSolution
		Debug|Any CPU = Debug|Any CPU
		Debug|x64 = Debug|x64
		Debug|x86 = Debug|x86
		Release|Any CPU = Release|Any CPU
		Release|x64 = Release|x64
		Release|x86 = Release|x86
	EndGlobalSection
	GlobalSection(SolutionProperties) = preSolution
		HideSolutionNode = FALSE
	EndGlobalSection
	GlobalSection(ProjectConfigurationPlatforms) = postSolution
		{A534550B-0D94-4F8A-87E1-0C6F3FD3BC27}.Debug|Any CPU.ActiveCfg = Debug|Any CPU
		{A534550B-0D94-4F8A-87E1-0C6F3FD3BC27}.Debug|Any CPU.Build.0 = Debug|Any CPU
		{A534550B-0D94-4F8A-87E1-0C6F3FD3BC27}.Debug|x64.ActiveCfg = Debug|Any CPU
		{A534550B-0D94-4F8A-87E1-0C6F3FD3BC27}.Debug|x64.Build.0 = Debug|Any CPU
		{A534550B-0D94-4F8A-87E1-0C6F3FD3BC27}.Debug|x86.ActiveCfg = Debug|Any CPU
		{A534550B-0D94-4F8A-87E1-0C6F3FD3BC27}.Debug|x86.Build.0 = Debug|Any CPU
		{A534550B-0D94-4F8A-87E1-0C6F3FD3BC27}.Release|Any CPU.ActiveCfg = Release|Any CPU
		{A534550B-0D94-4F8A-87E1-0C6F3FD3BC27}.Release|Any CPU.Build.0 = Release|Any CPU
		{A534550B-0D94-4F8A-87E1-0C6F3FD3BC27}.Release|x64.ActiveCfg = Release|Any CPU
		{A534550B-0D94-4F8A-87E1-0C6F3FD3BC27}.Release|x64.Build.0 = Release|Any CPU
		{A534550B-0D94-4F8A-87E1-0C6F3FD3BC27}.Release|x86.ActiveCfg = Release|Any CPU
		{A534550B-0D94-4F8A-87E1-0C6F3FD3BC27}.Release|x86.Build.0 = Release|Any CPU
	EndGlobalSection
	GlobalSection(NestedProjects) = preSolution
		{A534550B-0D94-4F8A-87E1-0C6F3FD3BC27} = {B6B8CC1A-38EA-4EAA-A02D-0CD659A2AB61}
	EndGlobalSection
EndGlobal
