
Microsoft Visual Studio Solution File, Format Version 12.00
# Visual Studio Version 17
VisualStudioVersion = 17.1.32210.238
MinimumVisualStudioVersion = 17.1.32210.238
Project("{2150E333-8FDC-42A3-9474-1A3956D46DE8}") = "src", "src", "{B6B8CC1A-38EA-4EAA-A02D-0CD659A2AB61}"
EndProject
Project("{9A19103F-16F7-4668-BE54-9A1E7A4F7556}") = "dotnet6", "src\dotnet6\dotnet6.csproj", "{A534550B-0D94-4F8A-87E1-0C6F3FD3BC27}"
EndProject
Global
	GlobalSection(SolutionConfigurationPlatforms) = preSolution
		Debug|Any CPU = Debug|Any CPU
		Debug|x64 = Debug|x64
		Debug|x86 = Debug|x86
		Release|Any CPU = Release|Any CPU
		Release|x64 = Release|x64
		Release|x86 = Release|x86
	EndGlobalSection
	GlobalSection(ProjectConfigurationPlatforms) = postSolution
		{A534550B-0D94-4F8A-87E1-0C6F3FD3BC27}.Debug|Any CPU.ActiveCfg = Debug|Any CPU
		{A534550B-0D94-4F8A-87E1-0C6F3FD3BC27}.Debug|Any CPU.Build.0 = Debug|Any CPU
		{A534550B-0D94-4F8A-87E1-0C6F3FD3BC27}.Debug|x64.ActiveCfg = Debug|Any CPU
		{A534550B-0D94-4F8A-87E1-0C6F3FD3BC27}.Debug|x64.Build.0 = Debug|Any CPU
		{A534550B-0D94-4F8A-87E1-0C6F3FD3BC27}.Debug|x86.ActiveCfg = Debug|Any CPU
		{A534550B-0D94-4F8A-87E1-0C6F3FD3BC27}.Debug|x86.Build.0 = Debug|Any CPU
		{A534550B-0D94-4F8A-87E1-0C6F3FD3BC27}.Release|Any CPU.ActiveCfg = Release|Any CPU
		{A534550B-0D94-4F8A-87E1-0C6F3FD3BC27}.Release|Any CPU.Build.0 = Release|Any CPU
		{A534550B-0D94-4F8A-87E1-0C6F3FD3BC27}.Release|x64.ActiveCfg = Release|Any CPU
		{A534550B-0D94-4F8A-87E1-0C6F3FD3BC27}.Release|x64.Build.0 = Release|Any CPU
		{A534550B-0D94-4F8A-87E1-0C6F3FD3BC27}.Release|x86.ActiveCfg = Release|Any CPU
		{A534550B-0D94-4F8A-87E1-0C6F3FD3BC27}.Release|x86.Build.0 = Release|Any CPU
	EndGlobalSection
	GlobalSection(SolutionProperties) = preSolution
		HideSolutionNode = FALSE
	EndGlobalSection
	GlobalSection(NestedProjects) = preSolution
		{A534550B-0D94-4F8A-87E1-0C6F3FD3BC27} = {B6B8CC1A-38EA-4EAA-A02D-0CD659A2AB61}
	EndGlobalSection
	GlobalSection(ExtensibilityGlobals) = postSolution
		SolutionGuid = {6448B6D0-128A-4B47-BA98-1DC72A2A69F7}
	EndGlobalSection
EndGlobal
